
Microsoft Visual Studio Solution File, Format Version 12.00
# Visual Studio Version 16
VisualStudioVersion = 16.0.30717.126
MinimumVisualStudioVersion = 10.0.40219.1
Project("{FAE04EC0-301F-11D3-BF4B-00C04F79EFBC}") = "O2_LuckyTickets", "O2_LuckyTickets\O2_LuckyTickets.csproj", "{51B09355-3AF2-4465-8626-D3C1285929D3}"
EndProject
Project("{FAE04EC0-301F-11D3-BF4B-00C04F79EFBC}") = "Testing", "Testing\Testing.csproj", "{4CA81774-1265-4261-A8CC-87059655ACC5}"
EndProject
Project("{FAE04EC0-301F-11D3-BF4B-00C04F79EFBC}") = "Interfaces", "Interfaces\Interfaces.csproj", "{EA41762B-613B-43F1-ACD2-803DEEA2AEFA}"
EndProject
Project("{FAE04EC0-301F-11D3-BF4B-00C04F79EFBC}") = "TestingAsync", "TestingAsync\TestingAsync.csproj", "{BF1D9394-6E98-4B9F-BC82-2894A52573F5}"
EndProject
Project("{FAE04EC0-301F-11D3-BF4B-00C04F79EFBC}") = "O3_AlgebraicAlgorithms", "O3_AlgebraicAlgorithms\O3_AlgebraicAlgorithms.csproj", "{F89C7A2C-514A-4628-9C27-0BF0335054C1}"
EndProject
Project("{FAE04EC0-301F-11D3-BF4B-00C04F79EFBC}") = "O4_DataStructuries", "O4_Contayners\O4_DataStructuries.csproj", "{EC8EAE51-6223-47A8-B8A3-7BE385A6BC4E}"
EndProject
Global
	GlobalSection(SolutionConfigurationPlatforms) = preSolution
		Debug|Any CPU = Debug|Any CPU
		Release|Any CPU = Release|Any CPU
	EndGlobalSection
	GlobalSection(ProjectConfigurationPlatforms) = postSolution
		{51B09355-3AF2-4465-8626-D3C1285929D3}.Debug|Any CPU.ActiveCfg = Debug|Any CPU
		{51B09355-3AF2-4465-8626-D3C1285929D3}.Debug|Any CPU.Build.0 = Debug|Any CPU
		{51B09355-3AF2-4465-8626-D3C1285929D3}.Release|Any CPU.ActiveCfg = Release|Any CPU
		{51B09355-3AF2-4465-8626-D3C1285929D3}.Release|Any CPU.Build.0 = Release|Any CPU
		{4CA81774-1265-4261-A8CC-87059655ACC5}.Debug|Any CPU.ActiveCfg = Debug|Any CPU
		{4CA81774-1265-4261-A8CC-87059655ACC5}.Debug|Any CPU.Build.0 = Debug|Any CPU
		{4CA81774-1265-4261-A8CC-87059655ACC5}.Release|Any CPU.ActiveCfg = Release|Any CPU
		{4CA81774-1265-4261-A8CC-87059655ACC5}.Release|Any CPU.Build.0 = Release|Any CPU
		{EA41762B-613B-43F1-ACD2-803DEEA2AEFA}.Debug|Any CPU.ActiveCfg = Debug|Any CPU
		{EA41762B-613B-43F1-ACD2-803DEEA2AEFA}.Debug|Any CPU.Build.0 = Debug|Any CPU
		{EA41762B-613B-43F1-ACD2-803DEEA2AEFA}.Release|Any CPU.ActiveCfg = Release|Any CPU
		{EA41762B-613B-43F1-ACD2-803DEEA2AEFA}.Release|Any CPU.Build.0 = Release|Any CPU
		{BF1D9394-6E98-4B9F-BC82-2894A52573F5}.Debug|Any CPU.ActiveCfg = Debug|Any CPU
		{BF1D9394-6E98-4B9F-BC82-2894A52573F5}.Debug|Any CPU.Build.0 = Debug|Any CPU
		{BF1D9394-6E98-4B9F-BC82-2894A52573F5}.Release|Any CPU.ActiveCfg = Release|Any CPU
		{BF1D9394-6E98-4B9F-BC82-2894A52573F5}.Release|Any CPU.Build.0 = Release|Any CPU
		{F89C7A2C-514A-4628-9C27-0BF0335054C1}.Debug|Any CPU.ActiveCfg = Debug|Any CPU
		{F89C7A2C-514A-4628-9C27-0BF0335054C1}.Debug|Any CPU.Build.0 = Debug|Any CPU
		{F89C7A2C-514A-4628-9C27-0BF0335054C1}.Release|Any CPU.ActiveCfg = Release|Any CPU
		{F89C7A2C-514A-4628-9C27-0BF0335054C1}.Release|Any CPU.Build.0 = Release|Any CPU
		{EC8EAE51-6223-47A8-B8A3-7BE385A6BC4E}.Debug|Any CPU.ActiveCfg = Debug|Any CPU
		{EC8EAE51-6223-47A8-B8A3-7BE385A6BC4E}.Debug|Any CPU.Build.0 = Debug|Any CPU
		{EC8EAE51-6223-47A8-B8A3-7BE385A6BC4E}.Release|Any CPU.ActiveCfg = Release|Any CPU
		{EC8EAE51-6223-47A8-B8A3-7BE385A6BC4E}.Release|Any CPU.Build.0 = Release|Any CPU
	EndGlobalSection
	GlobalSection(SolutionProperties) = preSolution
		HideSolutionNode = FALSE
	EndGlobalSection
	GlobalSection(ExtensibilityGlobals) = postSolution
		SolutionGuid = {CD3CE459-AD18-49C6-9CDE-C17FFE75693E}
	EndGlobalSection
EndGlobal
